
Microsoft Visual Studio Solution File, Format Version 12.00
# Visual Studio 15
VisualStudioVersion = 15.0.27703.2026
MinimumVisualStudioVersion = 10.0.40219.1
Project("{9A19103F-16F7-4668-BE54-9A1E7A4F7556}") = "VLStatDataLayer", "VLStatDataLayer\VLStatDataLayer.csproj", "{6AE20EA2-4D17-4BBB-8B25-9E45B598E7D6}"
EndProject
Project("{9A19103F-16F7-4668-BE54-9A1E7A4F7556}") = "VLStatServiceLayer", "VLStatServiceLayer\VLStatServiceLayer.csproj", "{C08D76C2-7CEE-4509-8584-EFCFA14EC241}"
EndProject
Project("{888888A0-9F3D-457C-B088-3A5042F75D52}") = "VLScraper", "VLScraper\VLScraper.pyproj", "{515B52AB-6B25-424A-9E2D-A9843E01B884}"
EndProject
Project("{9A19103F-16F7-4668-BE54-9A1E7A4F7556}") = "VLStatWeb", "VLStatWeb\VLStatWeb.csproj", "{4B17FFB9-711E-4264-953C-4E50FDF4BBD0}"
EndProject
Project("{888888A0-9F3D-457C-B088-3A5042F75D52}") = "VLStatScraper", "VLStatScraper\VLStatScraper.pyproj", "{BA67BAC7-7398-4783-BFA9-2104A4D68FAB}"
EndProject
Global
	GlobalSection(SolutionConfigurationPlatforms) = preSolution
		Debug|Any CPU = Debug|Any CPU
		Release|Any CPU = Release|Any CPU
	EndGlobalSection
	GlobalSection(ProjectConfigurationPlatforms) = postSolution
		{6AE20EA2-4D17-4BBB-8B25-9E45B598E7D6}.Debug|Any CPU.ActiveCfg = Debug|Any CPU
		{6AE20EA2-4D17-4BBB-8B25-9E45B598E7D6}.Debug|Any CPU.Build.0 = Debug|Any CPU
		{6AE20EA2-4D17-4BBB-8B25-9E45B598E7D6}.Release|Any CPU.ActiveCfg = Release|Any CPU
		{6AE20EA2-4D17-4BBB-8B25-9E45B598E7D6}.Release|Any CPU.Build.0 = Release|Any CPU
		{C08D76C2-7CEE-4509-8584-EFCFA14EC241}.Debug|Any CPU.ActiveCfg = Debug|Any CPU
		{C08D76C2-7CEE-4509-8584-EFCFA14EC241}.Debug|Any CPU.Build.0 = Debug|Any CPU
		{C08D76C2-7CEE-4509-8584-EFCFA14EC241}.Release|Any CPU.ActiveCfg = Release|Any CPU
		{C08D76C2-7CEE-4509-8584-EFCFA14EC241}.Release|Any CPU.Build.0 = Release|Any CPU
		{515B52AB-6B25-424A-9E2D-A9843E01B884}.Debug|Any CPU.ActiveCfg = Debug|Any CPU
		{515B52AB-6B25-424A-9E2D-A9843E01B884}.Release|Any CPU.ActiveCfg = Release|Any CPU
		{4B17FFB9-711E-4264-953C-4E50FDF4BBD0}.Debug|Any CPU.ActiveCfg = Debug|Any CPU
		{4B17FFB9-711E-4264-953C-4E50FDF4BBD0}.Debug|Any CPU.Build.0 = Debug|Any CPU
		{4B17FFB9-711E-4264-953C-4E50FDF4BBD0}.Release|Any CPU.ActiveCfg = Release|Any CPU
		{4B17FFB9-711E-4264-953C-4E50FDF4BBD0}.Release|Any CPU.Build.0 = Release|Any CPU
		{BA67BAC7-7398-4783-BFA9-2104A4D68FAB}.Debug|Any CPU.ActiveCfg = Debug|Any CPU
		{BA67BAC7-7398-4783-BFA9-2104A4D68FAB}.Release|Any CPU.ActiveCfg = Release|Any CPU
	EndGlobalSection
	GlobalSection(SolutionProperties) = preSolution
		HideSolutionNode = FALSE
	EndGlobalSection
	GlobalSection(ExtensibilityGlobals) = postSolution
		SolutionGuid = {086FBD07-CFF3-424F-B108-6FD3E50B07E2}
	EndGlobalSection
EndGlobal
